// !$*UTF8*$!
{
	archiveVersion = 1;
	classes = {
	};
	objectVersion = 77;
	objects = {

/* Begin PBXContainerItemProxy section */
		427421042CE5E95200CDDB4F /* PBXContainerItemProxy */ = {
			isa = PBXContainerItemProxy;
			containerPortal = 427420EB2CE5E95000CDDB4F /* Project object */;
			proxyType = 1;
			remoteGlobalIDString = 427420F22CE5E95000CDDB4F;
			remoteInfo = pia13swiftv2torsdag;
		};
		4274210E2CE5E95200CDDB4F /* PBXContainerItemProxy */ = {
			isa = PBXContainerItemProxy;
			containerPortal = 427420EB2CE5E95000CDDB4F /* Project object */;
			proxyType = 1;
			remoteGlobalIDString = 427420F22CE5E95000CDDB4F;
			remoteInfo = pia13swiftv2torsdag;
		};
/* End PBXContainerItemProxy section */

/* Begin PBXFileReference section */
		427420F32CE5E95000CDDB4F /* pia13swiftv2torsdag.app */ = {isa = PBXFileReference; explicitFileType = wrapper.application; includeInIndex = 0; path = pia13swiftv2torsdag.app; sourceTree = BUILT_PRODUCTS_DIR; };
		427421032CE5E95200CDDB4F /* pia13swiftv2torsdagTests.xctest */ = {isa = PBXFileReference; explicitFileType = wrapper.cfbundle; includeInIndex = 0; path = pia13swiftv2torsdagTests.xctest; sourceTree = BUILT_PRODUCTS_DIR; };
		4274210D2CE5E95200CDDB4F /* pia13swiftv2torsdagUITests.xctest */ = {isa = PBXFileReference; explicitFileType = wrapper.cfbundle; includeInIndex = 0; path = pia13swiftv2torsdagUITests.xctest; sourceTree = BUILT_PRODUCTS_DIR; };
/* End PBXFileReference section */

/* Begin PBXFileSystemSynchronizedRootGroup section */
		427420F52CE5E95000CDDB4F /* pia13swiftv2torsdag */ = {
			isa = PBXFileSystemSynchronizedRootGroup;
			path = pia13swiftv2torsdag;
			sourceTree = "<group>";
		};
		427421062CE5E95200CDDB4F /* pia13swiftv2torsdagTests */ = {
			isa = PBXFileSystemSynchronizedRootGroup;
			path = pia13swiftv2torsdagTests;
			sourceTree = "<group>";
		};
		427421102CE5E95200CDDB4F /* pia13swiftv2torsdagUITests */ = {
			isa = PBXFileSystemSynchronizedRootGroup;
			path = pia13swiftv2torsdagUITests;
			sourceTree = "<group>";
		};
/* End PBXFileSystemSynchronizedRootGroup section */

/* Begin PBXFrameworksBuildPhase section */
		427420F02CE5E95000CDDB4F /* Frameworks */ = {
			isa = PBXFrameworksBuildPhase;
			buildActionMask = 2147483647;
			files = (
			);
			runOnlyForDeploymentPostprocessing = 0;
		};
		427421002CE5E95200CDDB4F /* Frameworks */ = {
			isa = PBXFrameworksBuildPhase;
			buildActionMask = 2147483647;
			files = (
			);
			runOnlyForDeploymentPostprocessing = 0;
		};
		4274210A2CE5E95200CDDB4F /* Frameworks */ = {
			isa = PBXFrameworksBuildPhase;
			buildActionMask = 2147483647;
			files = (
			);
			runOnlyForDeploymentPostprocessing = 0;
		};
/* End PBXFrameworksBuildPhase section */

/* Begin PBXGroup section */
		427420EA2CE5E95000CDDB4F = {
			isa = PBXGroup;
			children = (
				427420F52CE5E95000CDDB4F /* pia13swiftv2torsdag */,
				427421062CE5E95200CDDB4F /* pia13swiftv2torsdagTests */,
				427421102CE5E95200CDDB4F /* pia13swiftv2torsdagUITests */,
				427420F42CE5E95000CDDB4F /* Products */,
			);
			sourceTree = "<group>";
		};
		427420F42CE5E95000CDDB4F /* Products */ = {
			isa = PBXGroup;
			children = (
				427420F32CE5E95000CDDB4F /* pia13swiftv2torsdag.app */,
				427421032CE5E95200CDDB4F /* pia13swiftv2torsdagTests.xctest */,
				4274210D2CE5E95200CDDB4F /* pia13swiftv2torsdagUITests.xctest */,
			);
			name = Products;
			sourceTree = "<group>";
		};
/* End PBXGroup section */

/* Begin PBXNativeTarget section */
		427420F22CE5E95000CDDB4F /* pia13swiftv2torsdag */ = {
			isa = PBXNativeTarget;
			buildConfigurationList = 427421172CE5E95200CDDB4F /* Build configuration list for PBXNativeTarget "pia13swiftv2torsdag" */;
			buildPhases = (
				427420EF2CE5E95000CDDB4F /* Sources */,
				427420F02CE5E95000CDDB4F /* Frameworks */,
				427420F12CE5E95000CDDB4F /* Resources */,
			);
			buildRules = (
			);
			dependencies = (
			);
			fileSystemSynchronizedGroups = (
				427420F52CE5E95000CDDB4F /* pia13swiftv2torsdag */,
			);
			name = pia13swiftv2torsdag;
			packageProductDependencies = (
			);
			productName = pia13swiftv2torsdag;
			productReference = 427420F32CE5E95000CDDB4F /* pia13swiftv2torsdag.app */;
			productType = "com.apple.product-type.application";
		};
		427421022CE5E95200CDDB4F /* pia13swiftv2torsdagTests */ = {
			isa = PBXNativeTarget;
			buildConfigurationList = 4274211A2CE5E95200CDDB4F /* Build configuration list for PBXNativeTarget "pia13swiftv2torsdagTests" */;
			buildPhases = (
				427420FF2CE5E95200CDDB4F /* Sources */,
				427421002CE5E95200CDDB4F /* Frameworks */,
				427421012CE5E95200CDDB4F /* Resources */,
			);
			buildRules = (
			);
			dependencies = (
				427421052CE5E95200CDDB4F /* PBXTargetDependency */,
			);
			fileSystemSynchronizedGroups = (
				427421062CE5E95200CDDB4F /* pia13swiftv2torsdagTests */,
			);
			name = pia13swiftv2torsdagTests;
			packageProductDependencies = (
			);
			productName = pia13swiftv2torsdagTests;
			productReference = 427421032CE5E95200CDDB4F /* pia13swiftv2torsdagTests.xctest */;
			productType = "com.apple.product-type.bundle.unit-test";
		};
		4274210C2CE5E95200CDDB4F /* pia13swiftv2torsdagUITests */ = {
			isa = PBXNativeTarget;
			buildConfigurationList = 4274211D2CE5E95200CDDB4F /* Build configuration list for PBXNativeTarget "pia13swiftv2torsdagUITests" */;
			buildPhases = (
				427421092CE5E95200CDDB4F /* Sources */,
				4274210A2CE5E95200CDDB4F /* Frameworks */,
				4274210B2CE5E95200CDDB4F /* Resources */,
			);
			buildRules = (
			);
			dependencies = (
				4274210F2CE5E95200CDDB4F /* PBXTargetDependency */,
			);
			fileSystemSynchronizedGroups = (
				427421102CE5E95200CDDB4F /* pia13swiftv2torsdagUITests */,
			);
			name = pia13swiftv2torsdagUITests;
			packageProductDependencies = (
			);
			productName = pia13swiftv2torsdagUITests;
			productReference = 4274210D2CE5E95200CDDB4F /* pia13swiftv2torsdagUITests.xctest */;
			productType = "com.apple.product-type.bundle.ui-testing";
		};
/* End PBXNativeTarget section */

/* Begin PBXProject section */
		427420EB2CE5E95000CDDB4F /* Project object */ = {
			isa = PBXProject;
			attributes = {
				BuildIndependentTargetsInParallel = 1;
				LastSwiftUpdateCheck = 1610;
				LastUpgradeCheck = 1610;
				TargetAttributes = {
					427420F22CE5E95000CDDB4F = {
						CreatedOnToolsVersion = 16.1;
					};
					427421022CE5E95200CDDB4F = {
						CreatedOnToolsVersion = 16.1;
						TestTargetID = 427420F22CE5E95000CDDB4F;
					};
					4274210C2CE5E95200CDDB4F = {
						CreatedOnToolsVersion = 16.1;
						TestTargetID = 427420F22CE5E95000CDDB4F;
					};
				};
			};
			buildConfigurationList = 427420EE2CE5E95000CDDB4F /* Build configuration list for PBXProject "pia13swiftv2torsdag" */;
			developmentRegion = en;
			hasScannedForEncodings = 0;
			knownRegions = (
				en,
				Base,
			);
			mainGroup = 427420EA2CE5E95000CDDB4F;
			minimizedProjectReferenceProxies = 1;
			preferredProjectObjectVersion = 77;
			productRefGroup = 427420F42CE5E95000CDDB4F /* Products */;
			projectDirPath = "";
			projectRoot = "";
			targets = (
				427420F22CE5E95000CDDB4F /* pia13swiftv2torsdag */,
				427421022CE5E95200CDDB4F /* pia13swiftv2torsdagTests */,
				4274210C2CE5E95200CDDB4F /* pia13swiftv2torsdagUITests */,
			);
		};
/* End PBXProject section */

/* Begin PBXResourcesBuildPhase section */
		427420F12CE5E95000CDDB4F /* Resources */ = {
			isa = PBXResourcesBuildPhase;
			buildActionMask = 2147483647;
			files = (
			);
			runOnlyForDeploymentPostprocessing = 0;
		};
		427421012CE5E95200CDDB4F /* Resources */ = {
			isa = PBXResourcesBuildPhase;
			buildActionMask = 2147483647;
			files = (
			);
			runOnlyForDeploymentPostprocessing = 0;
		};
		4274210B2CE5E95200CDDB4F /* Resources */ = {
			isa = PBXResourcesBuildPhase;
			buildActionMask = 2147483647;
			files = (
			);
			runOnlyForDeploymentPostprocessing = 0;
		};
/* End PBXResourcesBuildPhase section */

/* Begin PBXSourcesBuildPhase section */
		427420EF2CE5E95000CDDB4F /* Sources */ = {
			isa = PBXSourcesBuildPhase;
			buildActionMask = 2147483647;
			files = (
			);
			runOnlyForDeploymentPostprocessing = 0;
		};
		427420FF2CE5E95200CDDB4F /* Sources */ = {
			isa = PBXSourcesBuildPhase;
			buildActionMask = 2147483647;
			files = (
			);
			runOnlyForDeploymentPostprocessing = 0;
		};
		427421092CE5E95200CDDB4F /* Sources */ = {
			isa = PBXSourcesBuildPhase;
			buildActionMask = 2147483647;
			files = (
			);
			runOnlyForDeploymentPostprocessing = 0;
		};
/* End PBXSourcesBuildPhase section */

/* Begin PBXTargetDependency section */
		427421052CE5E95200CDDB4F /* PBXTargetDependency */ = {
			isa = PBXTargetDependency;
			target = 427420F22CE5E95000CDDB4F /* pia13swiftv2torsdag */;
			targetProxy = 427421042CE5E95200CDDB4F /* PBXContainerItemProxy */;
		};
		4274210F2CE5E95200CDDB4F /* PBXTargetDependency */ = {
			isa = PBXTargetDependency;
			target = 427420F22CE5E95000CDDB4F /* pia13swiftv2torsdag */;
			targetProxy = 4274210E2CE5E95200CDDB4F /* PBXContainerItemProxy */;
		};
/* End PBXTargetDependency section */

/* Begin XCBuildConfiguration section */
		427421152CE5E95200CDDB4F /* Debug */ = {
			isa = XCBuildConfiguration;
			buildSettings = {
				ALWAYS_SEARCH_USER_PATHS = NO;
				ASSETCATALOG_COMPILER_GENERATE_SWIFT_ASSET_SYMBOL_EXTENSIONS = YES;
				CLANG_ANALYZER_NONNULL = YES;
				CLANG_ANALYZER_NUMBER_OBJECT_CONVERSION = YES_AGGRESSIVE;
				CLANG_CXX_LANGUAGE_STANDARD = "gnu++20";
				CLANG_ENABLE_MODULES = YES;
				CLANG_ENABLE_OBJC_ARC = YES;
				CLANG_ENABLE_OBJC_WEAK = YES;
				CLANG_WARN_BLOCK_CAPTURE_AUTORELEASING = YES;
				CLANG_WARN_BOOL_CONVERSION = YES;
				CLANG_WARN_COMMA = YES;
				CLANG_WARN_CONSTANT_CONVERSION = YES;
				CLANG_WARN_DEPRECATED_OBJC_IMPLEMENTATIONS = YES;
				CLANG_WARN_DIRECT_OBJC_ISA_USAGE = YES_ERROR;
				CLANG_WARN_DOCUMENTATION_COMMENTS = YES;
				CLANG_WARN_EMPTY_BODY = YES;
				CLANG_WARN_ENUM_CONVERSION = YES;
				CLANG_WARN_INFINITE_RECURSION = YES;
				CLANG_WARN_INT_CONVERSION = YES;
				CLANG_WARN_NON_LITERAL_NULL_CONVERSION = YES;
				CLANG_WARN_OBJC_IMPLICIT_RETAIN_SELF = YES;
				CLANG_WARN_OBJC_LITERAL_CONVERSION = YES;
				CLANG_WARN_OBJC_ROOT_CLASS = YES_ERROR;
				CLANG_WARN_QUOTED_INCLUDE_IN_FRAMEWORK_HEADER = YES;
				CLANG_WARN_RANGE_LOOP_ANALYSIS = YES;
				CLANG_WARN_STRICT_PROTOTYPES = YES;
				CLANG_WARN_SUSPICIOUS_MOVE = YES;
				CLANG_WARN_UNGUARDED_AVAILABILITY = YES_AGGRESSIVE;
				CLANG_WARN_UNREACHABLE_CODE = YES;
				CLANG_WARN__DUPLICATE_METHOD_MATCH = YES;
				COPY_PHASE_STRIP = NO;
				DEBUG_INFORMATION_FORMAT = dwarf;
				ENABLE_STRICT_OBJC_MSGSEND = YES;
				ENABLE_TESTABILITY = YES;
				ENABLE_USER_SCRIPT_SANDBOXING = YES;
				GCC_C_LANGUAGE_STANDARD = gnu17;
				GCC_DYNAMIC_NO_PIC = NO;
				GCC_NO_COMMON_BLOCKS = YES;
				GCC_OPTIMIZATION_LEVEL = 0;
				GCC_PREPROCESSOR_DEFINITIONS = (
					"DEBUG=1",
					"$(inherited)",
				);
				GCC_WARN_64_TO_32_BIT_CONVERSION = YES;
				GCC_WARN_ABOUT_RETURN_TYPE = YES_ERROR;
				GCC_WARN_UNDECLARED_SELECTOR = YES;
				GCC_WARN_UNINITIALIZED_AUTOS = YES_AGGRESSIVE;
				GCC_WARN_UNUSED_FUNCTION = YES;
				GCC_WARN_UNUSED_VARIABLE = YES;
				IPHONEOS_DEPLOYMENT_TARGET = 18.1;
				LOCALIZATION_PREFERS_STRING_CATALOGS = YES;
				MTL_ENABLE_DEBUG_INFO = INCLUDE_SOURCE;
				MTL_FAST_MATH = YES;
				ONLY_ACTIVE_ARCH = YES;
				SDKROOT = iphoneos;
				SWIFT_ACTIVE_COMPILATION_CONDITIONS = "DEBUG $(inherited)";
				SWIFT_OPTIMIZATION_LEVEL = "-Onone";
			};
			name = Debug;
		};
		427421162CE5E95200CDDB4F /* Release */ = {
			isa = XCBuildConfiguration;
			buildSettings = {
				ALWAYS_SEARCH_USER_PATHS = NO;
				ASSETCATALOG_COMPILER_GENERATE_SWIFT_ASSET_SYMBOL_EXTENSIONS = YES;
				CLANG_ANALYZER_NONNULL = YES;
				CLANG_ANALYZER_NUMBER_OBJECT_CONVERSION = YES_AGGRESSIVE;
				CLANG_CXX_LANGUAGE_STANDARD = "gnu++20";
				CLANG_ENABLE_MODULES = YES;
				CLANG_ENABLE_OBJC_ARC = YES;
				CLANG_ENABLE_OBJC_WEAK = YES;
				CLANG_WARN_BLOCK_CAPTURE_AUTORELEASING = YES;
				CLANG_WARN_BOOL_CONVERSION = YES;
				CLANG_WARN_COMMA = YES;
				CLANG_WARN_CONSTANT_CONVERSION = YES;
				CLANG_WARN_DEPRECATED_OBJC_IMPLEMENTATIONS = YES;
				CLANG_WARN_DIRECT_OBJC_ISA_USAGE = YES_ERROR;
				CLANG_WARN_DOCUMENTATION_COMMENTS = YES;
				CLANG_WARN_EMPTY_BODY = YES;
				CLANG_WARN_ENUM_CONVERSION = YES;
				CLANG_WARN_INFINITE_RECURSION = YES;
				CLANG_WARN_INT_CONVERSION = YES;
				CLANG_WARN_NON_LITERAL_NULL_CONVERSION = YES;
				CLANG_WARN_OBJC_IMPLICIT_RETAIN_SELF = YES;
				CLANG_WARN_OBJC_LITERAL_CONVERSION = YES;
				CLANG_WARN_OBJC_ROOT_CLASS = YES_ERROR;
				CLANG_WARN_QUOTED_INCLUDE_IN_FRAMEWORK_HEADER = YES;
				CLANG_WARN_RANGE_LOOP_ANALYSIS = YES;
				CLANG_WARN_STRICT_PROTOTYPES = YES;
				CLANG_WARN_SUSPICIOUS_MOVE = YES;
				CLANG_WARN_UNGUARDED_AVAILABILITY = YES_AGGRESSIVE;
				CLANG_WARN_UNREACHABLE_CODE = YES;
				CLANG_WARN__DUPLICATE_METHOD_MATCH = YES;
				COPY_PHASE_STRIP = NO;
				DEBUG_INFORMATION_FORMAT = "dwarf-with-dsym";
				ENABLE_NS_ASSERTIONS = NO;
				ENABLE_STRICT_OBJC_MSGSEND = YES;
				ENABLE_USER_SCRIPT_SANDBOXING = YES;
				GCC_C_LANGUAGE_STANDARD = gnu17;
				GCC_NO_COMMON_BLOCKS = YES;
				GCC_WARN_64_TO_32_BIT_CONVERSION = YES;
				GCC_WARN_ABOUT_RETURN_TYPE = YES_ERROR;
				GCC_WARN_UNDECLARED_SELECTOR = YES;
				GCC_WARN_UNINITIALIZED_AUTOS = YES_AGGRESSIVE;
				GCC_WARN_UNUSED_FUNCTION = YES;
				GCC_WARN_UNUSED_VARIABLE = YES;
				IPHONEOS_DEPLOYMENT_TARGET = 18.1;
				LOCALIZATION_PREFERS_STRING_CATALOGS = YES;
				MTL_ENABLE_DEBUG_INFO = NO;
				MTL_FAST_MATH = YES;
				SDKROOT = iphoneos;
				SWIFT_COMPILATION_MODE = wholemodule;
				VALIDATE_PRODUCT = YES;
			};
			name = Release;
		};
		427421182CE5E95200CDDB4F /* Debug */ = {
			isa = XCBuildConfiguration;
			buildSettings = {
				ASSETCATALOG_COMPILER_APPICON_NAME = AppIcon;
				ASSETCATALOG_COMPILER_GLOBAL_ACCENT_COLOR_NAME = AccentColor;
				CODE_SIGN_STYLE = Automatic;
				CURRENT_PROJECT_VERSION = 1;
				DEVELOPMENT_ASSET_PATHS = "\"pia13swiftv2torsdag/Preview Content\"";
				ENABLE_PREVIEWS = YES;
				GENERATE_INFOPLIST_FILE = YES;
				INFOPLIST_KEY_UIApplicationSceneManifest_Generation = YES;
				INFOPLIST_KEY_UIApplicationSupportsIndirectInputEvents = YES;
				INFOPLIST_KEY_UILaunchScreen_Generation = YES;
				INFOPLIST_KEY_UISupportedInterfaceOrientations_iPad = "UIInterfaceOrientationPortrait UIInterfaceOrientationPortraitUpsideDown UIInterfaceOrientationLandscapeLeft UIInterfaceOrientationLandscapeRight";
				INFOPLIST_KEY_UISupportedInterfaceOrientations_iPhone = "UIInterfaceOrientationPortrait UIInterfaceOrientationLandscapeLeft UIInterfaceOrientationLandscapeRight";
				LD_RUNPATH_SEARCH_PATHS = (
					"$(inherited)",
					"@executable_path/Frameworks",
				);
				MARKETING_VERSION = 1.0;
				PRODUCT_BUNDLE_IDENTIFIER = se.andresdev.pia13swiftv2torsdag;
				PRODUCT_NAME = "$(TARGET_NAME)";
				SWIFT_EMIT_LOC_STRINGS = YES;
				SWIFT_VERSION = 5.0;
				TARGETED_DEVICE_FAMILY = "1,2";
			};
			name = Debug;
		};
		427421192CE5E95200CDDB4F /* Release */ = {
			isa = XCBuildConfiguration;
			buildSettings = {
				ASSETCATALOG_COMPILER_APPICON_NAME = AppIcon;
				ASSETCATALOG_COMPILER_GLOBAL_ACCENT_COLOR_NAME = AccentColor;
				CODE_SIGN_STYLE = Automatic;
				CURRENT_PROJECT_VERSION = 1;
				DEVELOPMENT_ASSET_PATHS = "\"pia13swiftv2torsdag/Preview Content\"";
				ENABLE_PREVIEWS = YES;
				GENERATE_INFOPLIST_FILE = YES;
				INFOPLIST_KEY_UIApplicationSceneManifest_Generation = YES;
				INFOPLIST_KEY_UIApplicationSupportsIndirectInputEvents = YES;
				INFOPLIST_KEY_UILaunchScreen_Generation = YES;
				INFOPLIST_KEY_UISupportedInterfaceOrientations_iPad = "UIInterfaceOrientationPortrait UIInterfaceOrientationPortraitUpsideDown UIInterfaceOrientationLandscapeLeft UIInterfaceOrientationLandscapeRight";
				INFOPLIST_KEY_UISupportedInterfaceOrientations_iPhone = "UIInterfaceOrientationPortrait UIInterfaceOrientationLandscapeLeft UIInterfaceOrientationLandscapeRight";
				LD_RUNPATH_SEARCH_PATHS = (
					"$(inherited)",
					"@executable_path/Frameworks",
				);
				MARKETING_VERSION = 1.0;
				PRODUCT_BUNDLE_IDENTIFIER = se.andresdev.pia13swiftv2torsdag;
				PRODUCT_NAME = "$(TARGET_NAME)";
				SWIFT_EMIT_LOC_STRINGS = YES;
				SWIFT_VERSION = 5.0;
				TARGETED_DEVICE_FAMILY = "1,2";
			};
			name = Release;
		};
		4274211B2CE5E95200CDDB4F /* Debug */ = {
			isa = XCBuildConfiguration;
			buildSettings = {
				BUNDLE_LOADER = "$(TEST_HOST)";
				CODE_SIGN_STYLE = Automatic;
				CURRENT_PROJECT_VERSION = 1;
				GENERATE_INFOPLIST_FILE = YES;
				IPHONEOS_DEPLOYMENT_TARGET = 18.1;
				MARKETING_VERSION = 1.0;
				PRODUCT_BUNDLE_IDENTIFIER = se.andresdev.pia13swiftv2torsdagTests;
				PRODUCT_NAME = "$(TARGET_NAME)";
				SWIFT_EMIT_LOC_STRINGS = NO;
				SWIFT_VERSION = 5.0;
				TARGETED_DEVICE_FAMILY = "1,2";
				TEST_HOST = "$(BUILT_PRODUCTS_DIR)/pia13swiftv2torsdag.app/$(BUNDLE_EXECUTABLE_FOLDER_PATH)/pia13swiftv2torsdag";
			};
			name = Debug;
		};
		4274211C2CE5E95200CDDB4F /* Release */ = {
			isa = XCBuildConfiguration;
			buildSettings = {
				BUNDLE_LOADER = "$(TEST_HOST)";
				CODE_SIGN_STYLE = Automatic;
				CURRENT_PROJECT_VERSION = 1;
				GENERATE_INFOPLIST_FILE = YES;
				IPHONEOS_DEPLOYMENT_TARGET = 18.1;
				MARKETING_VERSION = 1.0;
				PRODUCT_BUNDLE_IDENTIFIER = se.andresdev.pia13swiftv2torsdagTests;
				PRODUCT_NAME = "$(TARGET_NAME)";
				SWIFT_EMIT_LOC_STRINGS = NO;
				SWIFT_VERSION = 5.0;
				TARGETED_DEVICE_FAMILY = "1,2";
				TEST_HOST = "$(BUILT_PRODUCTS_DIR)/pia13swiftv2torsdag.app/$(BUNDLE_EXECUTABLE_FOLDER_PATH)/pia13swiftv2torsdag";
			};
			name = Release;
		};
		4274211E2CE5E95200CDDB4F /* Debug */ = {
			isa = XCBuildConfiguration;
			buildSettings = {
				CODE_SIGN_STYLE = Automatic;
				CURRENT_PROJECT_VERSION = 1;
				GENERATE_INFOPLIST_FILE = YES;
				MARKETING_VERSION = 1.0;
				PRODUCT_BUNDLE_IDENTIFIER = se.andresdev.pia13swiftv2torsdagUITests;
				PRODUCT_NAME = "$(TARGET_NAME)";
				SWIFT_EMIT_LOC_STRINGS = NO;
				SWIFT_VERSION = 5.0;
				TARGETED_DEVICE_FAMILY = "1,2";
				TEST_TARGET_NAME = pia13swiftv2torsdag;
			};
			name = Debug;
		};
		4274211F2CE5E95200CDDB4F /* Release */ = {
			isa = XCBuildConfiguration;
			buildSettings = {
				CODE_SIGN_STYLE = Automatic;
				CURRENT_PROJECT_VERSION = 1;
				GENERATE_INFOPLIST_FILE = YES;
				MARKETING_VERSION = 1.0;
				PRODUCT_BUNDLE_IDENTIFIER = se.andresdev.pia13swiftv2torsdagUITests;
				PRODUCT_NAME = "$(TARGET_NAME)";
				SWIFT_EMIT_LOC_STRINGS = NO;
				SWIFT_VERSION = 5.0;
				TARGETED_DEVICE_FAMILY = "1,2";
				TEST_TARGET_NAME = pia13swiftv2torsdag;
			};
			name = Release;
		};
/* End XCBuildConfiguration section */

/* Begin XCConfigurationList section */
		427420EE2CE5E95000CDDB4F /* Build configuration list for PBXProject "pia13swiftv2torsdag" */ = {
			isa = XCConfigurationList;
			buildConfigurations = (
				427421152CE5E95200CDDB4F /* Debug */,
				427421162CE5E95200CDDB4F /* Release */,
			);
			defaultConfigurationIsVisible = 0;
			defaultConfigurationName = Release;
		};
		427421172CE5E95200CDDB4F /* Build configuration list for PBXNativeTarget "pia13swiftv2torsdag" */ = {
			isa = XCConfigurationList;
			buildConfigurations = (
				427421182CE5E95200CDDB4F /* Debug */,
				427421192CE5E95200CDDB4F /* Release */,
			);
			defaultConfigurationIsVisible = 0;
			defaultConfigurationName = Release;
		};
		4274211A2CE5E95200CDDB4F /* Build configuration list for PBXNativeTarget "pia13swiftv2torsdagTests" */ = {
			isa = XCConfigurationList;
			buildConfigurations = (
				4274211B2CE5E95200CDDB4F /* Debug */,
				4274211C2CE5E95200CDDB4F /* Release */,
			);
			defaultConfigurationIsVisible = 0;
			defaultConfigurationName = Release;
		};
		4274211D2CE5E95200CDDB4F /* Build configuration list for PBXNativeTarget "pia13swiftv2torsdagUITests" */ = {
			isa = XCConfigurationList;
			buildConfigurations = (
				4274211E2CE5E95200CDDB4F /* Debug */,
				4274211F2CE5E95200CDDB4F /* Release */,
			);
			defaultConfigurationIsVisible = 0;
			defaultConfigurationName = Release;
		};
/* End XCConfigurationList section */
	};
	rootObject = 427420EB2CE5E95000CDDB4F /* Project object */;
}
